
Microsoft Visual Studio Solution File, Format Version 12.00
# Visual Studio Version 16
VisualStudioVersion = 16.0.29728.190
MinimumVisualStudioVersion = 10.0.40219.1
Project("{FAE04EC0-301F-11D3-BF4B-00C04F79EFBC}") = "HelloWorld", "HelloWorld\HelloWorld.csproj", "{26F68B0B-2904-4BBC-B5D7-93C7C12E90FC}"
EndProject
Global
	GlobalSection(SolutionConfigurationPlatforms) = preSolution
		Debug|Any CPU = Debug|Any CPU
		Release|Any CPU = Release|Any CPU
	EndGlobalSection
	GlobalSection(ProjectConfigurationPlatforms) = postSolution
		{26F68B0B-2904-4BBC-B5D7-93C7C12E90FC}.Debug|Any CPU.ActiveCfg = Debug|Any CPU
		{26F68B0B-2904-4BBC-B5D7-93C7C12E90FC}.Debug|Any CPU.Build.0 = Debug|Any CPU
		{26F68B0B-2904-4BBC-B5D7-93C7C12E90FC}.Release|Any CPU.ActiveCfg = Release|Any CPU
		{26F68B0B-2904-4BBC-B5D7-93C7C12E90FC}.Release|Any CPU.Build.0 = Release|Any CPU
	EndGlobalSection
	GlobalSection(SolutionProperties) = preSolution
		HideSolutionNode = FALSE
	EndGlobalSection
	GlobalSection(ExtensibilityGlobals) = postSolution
		SolutionGuid = {0B955059-D37C-493B-8CE3-6C0B678FB791}
	EndGlobalSection
EndGlobal
